// !$*UTF8*$!
{
	archiveVersion = 1;
	classes = {
	};
	objectVersion = 56;
	objects = {

/* Begin PBXBuildFile section */
		8E2ABECD29018A1B00433634 /* AppDelegate.swift in Sources */ = {isa = PBXBuildFile; fileRef = 8E2ABECC29018A1B00433634 /* AppDelegate.swift */; };
		8E2ABECF29018A1B00433634 /* SceneDelegate.swift in Sources */ = {isa = PBXBuildFile; fileRef = 8E2ABECE29018A1B00433634 /* SceneDelegate.swift */; };
		8E2ABED429018A1B00433634 /* Main.storyboard in Resources */ = {isa = PBXBuildFile; fileRef = 8E2ABED229018A1B00433634 /* Main.storyboard */; };
		8E2ABED629018A1C00433634 /* Assets.xcassets in Resources */ = {isa = PBXBuildFile; fileRef = 8E2ABED529018A1C00433634 /* Assets.xcassets */; };
		8E2ABED929018A1C00433634 /* LaunchScreen.storyboard in Resources */ = {isa = PBXBuildFile; fileRef = 8E2ABED729018A1C00433634 /* LaunchScreen.storyboard */; };
		8E2ABEE52901921100433634 /* PlayersViewController.swift in Sources */ = {isa = PBXBuildFile; fileRef = 8E2ABEE42901921100433634 /* PlayersViewController.swift */; };
		8E4ED74A2935E71F00C971B4 /* GameDetailsViewControllerCorrect.swift in Sources */ = {isa = PBXBuildFile; fileRef = 8E4ED7492935E71F00C971B4 /* GameDetailsViewControllerCorrect.swift */; };
		8E539C3A292F323E00FF83C7 /* GamesViewController.swift in Sources */ = {isa = PBXBuildFile; fileRef = 8E539C39292F323E00FF83C7 /* GamesViewController.swift */; };
		8E539C3C292F34CC00FF83C7 /* Games(struct).swift in Sources */ = {isa = PBXBuildFile; fileRef = 8E539C3B292F34CC00FF83C7 /* Games(struct).swift */; };
		8E539C3E2930C6DD00FF83C7 /* GameApiClient.swift in Sources */ = {isa = PBXBuildFile; fileRef = 8E539C3D2930C6DD00FF83C7 /* GameApiClient.swift */; };
		8EC432E2290959BF0073647E /* Player.swift in Sources */ = {isa = PBXBuildFile; fileRef = 8EC432E1290959BF0073647E /* Player.swift */; };
		8ED415752916BBEC0057CF36 /* ApiClient.swift in Sources */ = {isa = PBXBuildFile; fileRef = 8ED415742916BBEC0057CF36 /* ApiClient.swift */; };
		8EE13C0629040F900021AE8A /* PlayersDetailsViewController.swift in Sources */ = {isa = PBXBuildFile; fileRef = 8EE13C0529040F900021AE8A /* PlayersDetailsViewController.swift */; };
		8EE41F55290E8A7D004D1490 /* TeamDetailsViewController.swift in Sources */ = {isa = PBXBuildFile; fileRef = 8EE41F54290E8A7D004D1490 /* TeamDetailsViewController.swift */; };
		8EE41F57290EA511004D1490 /* Team.swift in Sources */ = {isa = PBXBuildFile; fileRef = 8EE41F56290EA511004D1490 /* Team.swift */; };
/* End PBXBuildFile section */

/* Begin PBXFileReference section */
		8E2ABEC929018A1B00433634 /* client server app - NBAPlayers.app */ = {isa = PBXFileReference; explicitFileType = wrapper.application; includeInIndex = 0; path = "client server app - NBAPlayers.app"; sourceTree = BUILT_PRODUCTS_DIR; };
		8E2ABECC29018A1B00433634 /* AppDelegate.swift */ = {isa = PBXFileReference; lastKnownFileType = sourcecode.swift; path = AppDelegate.swift; sourceTree = "<group>"; };
		8E2ABECE29018A1B00433634 /* SceneDelegate.swift */ = {isa = PBXFileReference; lastKnownFileType = sourcecode.swift; path = SceneDelegate.swift; sourceTree = "<group>"; };
		8E2ABED329018A1B00433634 /* Base */ = {isa = PBXFileReference; lastKnownFileType = file.storyboard; name = Base; path = Base.lproj/Main.storyboard; sourceTree = "<group>"; };
		8E2ABED529018A1C00433634 /* Assets.xcassets */ = {isa = PBXFileReference; lastKnownFileType = folder.assetcatalog; path = Assets.xcassets; sourceTree = "<group>"; };
		8E2ABED829018A1C00433634 /* Base */ = {isa = PBXFileReference; lastKnownFileType = file.storyboard; name = Base; path = Base.lproj/LaunchScreen.storyboard; sourceTree = "<group>"; };
		8E2ABEDA29018A1C00433634 /* Info.plist */ = {isa = PBXFileReference; lastKnownFileType = text.plist.xml; path = Info.plist; sourceTree = "<group>"; };
		8E2ABEE42901921100433634 /* PlayersViewController.swift */ = {isa = PBXFileReference; lastKnownFileType = sourcecode.swift; path = PlayersViewController.swift; sourceTree = SOURCE_ROOT; };
		8E4ED7492935E71F00C971B4 /* GameDetailsViewControllerCorrect.swift */ = {isa = PBXFileReference; lastKnownFileType = sourcecode.swift; path = GameDetailsViewControllerCorrect.swift; sourceTree = "<group>"; };
		8E539C39292F323E00FF83C7 /* GamesViewController.swift */ = {isa = PBXFileReference; lastKnownFileType = sourcecode.swift; path = GamesViewController.swift; sourceTree = "<group>"; };
		8E539C3B292F34CC00FF83C7 /* Games(struct).swift */ = {isa = PBXFileReference; lastKnownFileType = sourcecode.swift; path = "Games(struct).swift"; sourceTree = "<group>"; };
		8E539C3D2930C6DD00FF83C7 /* GameApiClient.swift */ = {isa = PBXFileReference; lastKnownFileType = sourcecode.swift; path = GameApiClient.swift; sourceTree = "<group>"; };
		8EC432E1290959BF0073647E /* Player.swift */ = {isa = PBXFileReference; lastKnownFileType = sourcecode.swift; path = Player.swift; sourceTree = "<group>"; };
		8ED415742916BBEC0057CF36 /* ApiClient.swift */ = {isa = PBXFileReference; lastKnownFileType = sourcecode.swift; path = ApiClient.swift; sourceTree = "<group>"; };
		8EE13C0529040F900021AE8A /* PlayersDetailsViewController.swift */ = {isa = PBXFileReference; lastKnownFileType = sourcecode.swift; path = PlayersDetailsViewController.swift; sourceTree = "<group>"; };
		8EE41F54290E8A7D004D1490 /* TeamDetailsViewController.swift */ = {isa = PBXFileReference; lastKnownFileType = sourcecode.swift; path = TeamDetailsViewController.swift; sourceTree = "<group>"; };
		8EE41F56290EA511004D1490 /* Team.swift */ = {isa = PBXFileReference; lastKnownFileType = sourcecode.swift; path = Team.swift; sourceTree = "<group>"; };
/* End PBXFileReference section */

/* Begin PBXFrameworksBuildPhase section */
		8E2ABEC629018A1B00433634 /* Frameworks */ = {
			isa = PBXFrameworksBuildPhase;
			buildActionMask = 2147483647;
			files = (
			);
			runOnlyForDeploymentPostprocessing = 0;
		};
/* End PBXFrameworksBuildPhase section */

/* Begin PBXGroup section */
		8E2ABEC029018A1B00433634 = {
			isa = PBXGroup;
			children = (
				8E2ABECB29018A1B00433634 /* client server app - NBAPlayers */,
				8E2ABECA29018A1B00433634 /* Products */,
			);
			sourceTree = "<group>";
		};
		8E2ABECA29018A1B00433634 /* Products */ = {
			isa = PBXGroup;
			children = (
				8E2ABEC929018A1B00433634 /* client server app - NBAPlayers.app */,
			);
			name = Products;
			sourceTree = "<group>";
		};
		8E2ABECB29018A1B00433634 /* client server app - NBAPlayers */ = {
			isa = PBXGroup;
			children = (
				8E2ABEE42901921100433634 /* PlayersViewController.swift */,
				8E539C39292F323E00FF83C7 /* GamesViewController.swift */,
				8ED415742916BBEC0057CF36 /* ApiClient.swift */,
				8E539C3D2930C6DD00FF83C7 /* GameApiClient.swift */,
				8E539C3B292F34CC00FF83C7 /* Games(struct).swift */,
				8EC432E1290959BF0073647E /* Player.swift */,
				8EE41F56290EA511004D1490 /* Team.swift */,
				8E4ED7492935E71F00C971B4 /* GameDetailsViewControllerCorrect.swift */,
				8EE13C0529040F900021AE8A /* PlayersDetailsViewController.swift */,
				8EE41F54290E8A7D004D1490 /* TeamDetailsViewController.swift */,
				8E2ABECC29018A1B00433634 /* AppDelegate.swift */,
				8E2ABECE29018A1B00433634 /* SceneDelegate.swift */,
				8E2ABED229018A1B00433634 /* Main.storyboard */,
				8E2ABED529018A1C00433634 /* Assets.xcassets */,
				8E2ABED729018A1C00433634 /* LaunchScreen.storyboard */,
				8E2ABEDA29018A1C00433634 /* Info.plist */,
			);
			path = "client server app - NBAPlayers";
			sourceTree = "<group>";
		};
/* End PBXGroup section */

/* Begin PBXNativeTarget section */
		8E2ABEC829018A1B00433634 /* client server app - NBAPlayers */ = {
			isa = PBXNativeTarget;
			buildConfigurationList = 8E2ABEDD29018A1C00433634 /* Build configuration list for PBXNativeTarget "client server app - NBAPlayers" */;
			buildPhases = (
				8E2ABEC529018A1B00433634 /* Sources */,
				8E2ABEC629018A1B00433634 /* Frameworks */,
				8E2ABEC729018A1B00433634 /* Resources */,
			);
			buildRules = (
			);
			dependencies = (
			);
			name = "client server app - NBAPlayers";
			productName = "client server app - NBAPlayers";
			productReference = 8E2ABEC929018A1B00433634 /* client server app - NBAPlayers.app */;
			productType = "com.apple.product-type.application";
		};
/* End PBXNativeTarget section */

/* Begin PBXProject section */
		8E2ABEC129018A1B00433634 /* Project object */ = {
			isa = PBXProject;
			attributes = {
				BuildIndependentTargetsInParallel = 1;
				LastSwiftUpdateCheck = 1400;
				LastUpgradeCheck = 1400;
				TargetAttributes = {
					8E2ABEC829018A1B00433634 = {
						CreatedOnToolsVersion = 14.0.1;
					};
				};
			};
			buildConfigurationList = 8E2ABEC429018A1B00433634 /* Build configuration list for PBXProject "client server app - NBAPlayers" */;
			compatibilityVersion = "Xcode 14.0";
			developmentRegion = en;
			hasScannedForEncodings = 0;
			knownRegions = (
				en,
				Base,
			);
			mainGroup = 8E2ABEC029018A1B00433634;
			productRefGroup = 8E2ABECA29018A1B00433634 /* Products */;
			projectDirPath = "";
			projectRoot = "";
			targets = (
				8E2ABEC829018A1B00433634 /* client server app - NBAPlayers */,
			);
		};
/* End PBXProject section */

/* Begin PBXResourcesBuildPhase section */
		8E2ABEC729018A1B00433634 /* Resources */ = {
			isa = PBXResourcesBuildPhase;
			buildActionMask = 2147483647;
			files = (
				8E2ABED929018A1C00433634 /* LaunchScreen.storyboard in Resources */,
				8E2ABED629018A1C00433634 /* Assets.xcassets in Resources */,
				8E2ABED429018A1B00433634 /* Main.storyboard in Resources */,
			);
			runOnlyForDeploymentPostprocessing = 0;
		};
/* End PBXResourcesBuildPhase section */

/* Begin PBXSourcesBuildPhase section */
		8E2ABEC529018A1B00433634 /* Sources */ = {
			isa = PBXSourcesBuildPhase;
			buildActionMask = 2147483647;
			files = (
				8E2ABECD29018A1B00433634 /* AppDelegate.swift in Sources */,
				8E2ABECF29018A1B00433634 /* SceneDelegate.swift in Sources */,
				8EE41F57290EA511004D1490 /* Team.swift in Sources */,
				8E539C3C292F34CC00FF83C7 /* Games(struct).swift in Sources */,
				8E539C3E2930C6DD00FF83C7 /* GameApiClient.swift in Sources */,
				8ED415752916BBEC0057CF36 /* ApiClient.swift in Sources */,
				8E4ED74A2935E71F00C971B4 /* GameDetailsViewControllerCorrect.swift in Sources */,
				8E539C3A292F323E00FF83C7 /* GamesViewController.swift in Sources */,
				8EE13C0629040F900021AE8A /* PlayersDetailsViewController.swift in Sources */,
				8EC432E2290959BF0073647E /* Player.swift in Sources */,
				8EE41F55290E8A7D004D1490 /* TeamDetailsViewController.swift in Sources */,
				8E2ABEE52901921100433634 /* PlayersViewController.swift in Sources */,
			);
			runOnlyForDeploymentPostprocessing = 0;
		};
/* End PBXSourcesBuildPhase section */

/* Begin PBXVariantGroup section */
		8E2ABED229018A1B00433634 /* Main.storyboard */ = {
			isa = PBXVariantGroup;
			children = (
				8E2ABED329018A1B00433634 /* Base */,
			);
			name = Main.storyboard;
			sourceTree = "<group>";
		};
		8E2ABED729018A1C00433634 /* LaunchScreen.storyboard */ = {
			isa = PBXVariantGroup;
			children = (
				8E2ABED829018A1C00433634 /* Base */,
			);
			name = LaunchScreen.storyboard;
			sourceTree = "<group>";
		};
/* End PBXVariantGroup section */

/* Begin XCBuildConfiguration section */
		8E2ABEDB29018A1C00433634 /* Debug */ = {
			isa = XCBuildConfiguration;
			buildSettings = {
				ALWAYS_SEARCH_USER_PATHS = NO;
				CLANG_ANALYZER_NONNULL = YES;
				CLANG_ANALYZER_NUMBER_OBJECT_CONVERSION = YES_AGGRESSIVE;
				CLANG_CXX_LANGUAGE_STANDARD = "gnu++20";
				CLANG_ENABLE_MODULES = YES;
				CLANG_ENABLE_OBJC_ARC = YES;
				CLANG_ENABLE_OBJC_WEAK = YES;
				CLANG_WARN_BLOCK_CAPTURE_AUTORELEASING = YES;
				CLANG_WARN_BOOL_CONVERSION = YES;
				CLANG_WARN_COMMA = YES;
				CLANG_WARN_CONSTANT_CONVERSION = YES;
				CLANG_WARN_DEPRECATED_OBJC_IMPLEMENTATIONS = YES;
				CLANG_WARN_DIRECT_OBJC_ISA_USAGE = YES_ERROR;
				CLANG_WARN_DOCUMENTATION_COMMENTS = YES;
				CLANG_WARN_EMPTY_BODY = YES;
				CLANG_WARN_ENUM_CONVERSION = YES;
				CLANG_WARN_INFINITE_RECURSION = YES;
				CLANG_WARN_INT_CONVERSION = YES;
				CLANG_WARN_NON_LITERAL_NULL_CONVERSION = YES;
				CLANG_WARN_OBJC_IMPLICIT_RETAIN_SELF = YES;
				CLANG_WARN_OBJC_LITERAL_CONVERSION = YES;
				CLANG_WARN_OBJC_ROOT_CLASS = YES_ERROR;
				CLANG_WARN_QUOTED_INCLUDE_IN_FRAMEWORK_HEADER = YES;
				CLANG_WARN_RANGE_LOOP_ANALYSIS = YES;
				CLANG_WARN_STRICT_PROTOTYPES = YES;
				CLANG_WARN_SUSPICIOUS_MOVE = YES;
				CLANG_WARN_UNGUARDED_AVAILABILITY = YES_AGGRESSIVE;
				CLANG_WARN_UNREACHABLE_CODE = YES;
				CLANG_WARN__DUPLICATE_METHOD_MATCH = YES;
				COPY_PHASE_STRIP = NO;
				DEBUG_INFORMATION_FORMAT = dwarf;
				ENABLE_STRICT_OBJC_MSGSEND = YES;
				ENABLE_TESTABILITY = YES;
				GCC_C_LANGUAGE_STANDARD = gnu11;
				GCC_DYNAMIC_NO_PIC = NO;
				GCC_NO_COMMON_BLOCKS = YES;
				GCC_OPTIMIZATION_LEVEL = 0;
				GCC_PREPROCESSOR_DEFINITIONS = (
					"DEBUG=1",
					"$(inherited)",
				);
				GCC_WARN_64_TO_32_BIT_CONVERSION = YES;
				GCC_WARN_ABOUT_RETURN_TYPE = YES_ERROR;
				GCC_WARN_UNDECLARED_SELECTOR = YES;
				GCC_WARN_UNINITIALIZED_AUTOS = YES_AGGRESSIVE;
				GCC_WARN_UNUSED_FUNCTION = YES;
				GCC_WARN_UNUSED_VARIABLE = YES;
				IPHONEOS_DEPLOYMENT_TARGET = 16.0;
				MTL_ENABLE_DEBUG_INFO = INCLUDE_SOURCE;
				MTL_FAST_MATH = YES;
				ONLY_ACTIVE_ARCH = YES;
				SDKROOT = iphoneos;
				SWIFT_ACTIVE_COMPILATION_CONDITIONS = DEBUG;
				SWIFT_OPTIMIZATION_LEVEL = "-Onone";
			};
			name = Debug;
		};
		8E2ABEDC29018A1C00433634 /* Release */ = {
			isa = XCBuildConfiguration;
			buildSettings = {
				ALWAYS_SEARCH_USER_PATHS = NO;
				CLANG_ANALYZER_NONNULL = YES;
				CLANG_ANALYZER_NUMBER_OBJECT_CONVERSION = YES_AGGRESSIVE;
				CLANG_CXX_LANGUAGE_STANDARD = "gnu++20";
				CLANG_ENABLE_MODULES = YES;
				CLANG_ENABLE_OBJC_ARC = YES;
				CLANG_ENABLE_OBJC_WEAK = YES;
				CLANG_WARN_BLOCK_CAPTURE_AUTORELEASING = YES;
				CLANG_WARN_BOOL_CONVERSION = YES;
				CLANG_WARN_COMMA = YES;
				CLANG_WARN_CONSTANT_CONVERSION = YES;
				CLANG_WARN_DEPRECATED_OBJC_IMPLEMENTATIONS = YES;
				CLANG_WARN_DIRECT_OBJC_ISA_USAGE = YES_ERROR;
				CLANG_WARN_DOCUMENTATION_COMMENTS = YES;
				CLANG_WARN_EMPTY_BODY = YES;
				CLANG_WARN_ENUM_CONVERSION = YES;
				CLANG_WARN_INFINITE_RECURSION = YES;
				CLANG_WARN_INT_CONVERSION = YES;
				CLANG_WARN_NON_LITERAL_NULL_CONVERSION = YES;
				CLANG_WARN_OBJC_IMPLICIT_RETAIN_SELF = YES;
				CLANG_WARN_OBJC_LITERAL_CONVERSION = YES;
				CLANG_WARN_OBJC_ROOT_CLASS = YES_ERROR;
				CLANG_WARN_QUOTED_INCLUDE_IN_FRAMEWORK_HEADER = YES;
				CLANG_WARN_RANGE_LOOP_ANALYSIS = YES;
				CLANG_WARN_STRICT_PROTOTYPES = YES;
				CLANG_WARN_SUSPICIOUS_MOVE = YES;
				CLANG_WARN_UNGUARDED_AVAILABILITY = YES_AGGRESSIVE;
				CLANG_WARN_UNREACHABLE_CODE = YES;
				CLANG_WARN__DUPLICATE_METHOD_MATCH = YES;
				COPY_PHASE_STRIP = NO;
				DEBUG_INFORMATION_FORMAT = "dwarf-with-dsym";
				ENABLE_NS_ASSERTIONS = NO;
				ENABLE_STRICT_OBJC_MSGSEND = YES;
				GCC_C_LANGUAGE_STANDARD = gnu11;
				GCC_NO_COMMON_BLOCKS = YES;
				GCC_WARN_64_TO_32_BIT_CONVERSION = YES;
				GCC_WARN_ABOUT_RETURN_TYPE = YES_ERROR;
				GCC_WARN_UNDECLARED_SELECTOR = YES;
				GCC_WARN_UNINITIALIZED_AUTOS = YES_AGGRESSIVE;
				GCC_WARN_UNUSED_FUNCTION = YES;
				GCC_WARN_UNUSED_VARIABLE = YES;
				IPHONEOS_DEPLOYMENT_TARGET = 16.0;
				MTL_ENABLE_DEBUG_INFO = NO;
				MTL_FAST_MATH = YES;
				SDKROOT = iphoneos;
				SWIFT_COMPILATION_MODE = wholemodule;
				SWIFT_OPTIMIZATION_LEVEL = "-O";
				VALIDATE_PRODUCT = YES;
			};
			name = Release;
		};
		8E2ABEDE29018A1C00433634 /* Debug */ = {
			isa = XCBuildConfiguration;
			buildSettings = {
				ASSETCATALOG_COMPILER_APPICON_NAME = AppIcon;
				ASSETCATALOG_COMPILER_GLOBAL_ACCENT_COLOR_NAME = AccentColor;
				CODE_SIGN_STYLE = Automatic;
				CURRENT_PROJECT_VERSION = 1;
				DEVELOPMENT_TEAM = DHN28PD89A;
				GENERATE_INFOPLIST_FILE = YES;
				INFOPLIST_FILE = "client server app - NBAPlayers/Info.plist";
				INFOPLIST_KEY_UIApplicationSupportsIndirectInputEvents = YES;
				INFOPLIST_KEY_UILaunchStoryboardName = LaunchScreen;
				INFOPLIST_KEY_UIMainStoryboardFile = Main;
				INFOPLIST_KEY_UISupportedInterfaceOrientations_iPad = "UIInterfaceOrientationPortrait UIInterfaceOrientationPortraitUpsideDown UIInterfaceOrientationLandscapeLeft UIInterfaceOrientationLandscapeRight";
				INFOPLIST_KEY_UISupportedInterfaceOrientations_iPhone = "UIInterfaceOrientationPortrait UIInterfaceOrientationLandscapeLeft UIInterfaceOrientationLandscapeRight";
				LD_RUNPATH_SEARCH_PATHS = (
					"$(inherited)",
					"@executable_path/Frameworks",
				);
				MARKETING_VERSION = 1.0;
				PRODUCT_BUNDLE_IDENTIFIER = "lemonfich-gmail.com.client-server-app---NBAPlayers";
				PRODUCT_NAME = "$(TARGET_NAME)";
				SWIFT_EMIT_LOC_STRINGS = YES;
				SWIFT_VERSION = 5.0;
				TARGETED_DEVICE_FAMILY = "1,2";
			};
			name = Debug;
		};
		8E2ABEDF29018A1C00433634 /* Release */ = {
			isa = XCBuildConfiguration;
			buildSettings = {
				ASSETCATALOG_COMPILER_APPICON_NAME = AppIcon;
				ASSETCATALOG_COMPILER_GLOBAL_ACCENT_COLOR_NAME = AccentColor;
				CODE_SIGN_STYLE = Automatic;
				CURRENT_PROJECT_VERSION = 1;
				DEVELOPMENT_TEAM = DHN28PD89A;
				GENERATE_INFOPLIST_FILE = YES;
				INFOPLIST_FILE = "client server app - NBAPlayers/Info.plist";
				INFOPLIST_KEY_UIApplicationSupportsIndirectInputEvents = YES;
				INFOPLIST_KEY_UILaunchStoryboardName = LaunchScreen;
				INFOPLIST_KEY_UIMainStoryboardFile = Main;
				INFOPLIST_KEY_UISupportedInterfaceOrientations_iPad = "UIInterfaceOrientationPortrait UIInterfaceOrientationPortraitUpsideDown UIInterfaceOrientationLandscapeLeft UIInterfaceOrientationLandscapeRight";
				INFOPLIST_KEY_UISupportedInterfaceOrientations_iPhone = "UIInterfaceOrientationPortrait UIInterfaceOrientationLandscapeLeft UIInterfaceOrientationLandscapeRight";
				LD_RUNPATH_SEARCH_PATHS = (
					"$(inherited)",
					"@executable_path/Frameworks",
				);
				MARKETING_VERSION = 1.0;
				PRODUCT_BUNDLE_IDENTIFIER = "lemonfich-gmail.com.client-server-app---NBAPlayers";
				PRODUCT_NAME = "$(TARGET_NAME)";
				SWIFT_EMIT_LOC_STRINGS = YES;
				SWIFT_VERSION = 5.0;
				TARGETED_DEVICE_FAMILY = "1,2";
			};
			name = Release;
		};
/* End XCBuildConfiguration section */

/* Begin XCConfigurationList section */
		8E2ABEC429018A1B00433634 /* Build configuration list for PBXProject "client server app - NBAPlayers" */ = {
			isa = XCConfigurationList;
			buildConfigurations = (
				8E2ABEDB29018A1C00433634 /* Debug */,
				8E2ABEDC29018A1C00433634 /* Release */,
			);
			defaultConfigurationIsVisible = 0;
			defaultConfigurationName = Release;
		};
		8E2ABEDD29018A1C00433634 /* Build configuration list for PBXNativeTarget "client server app - NBAPlayers" */ = {
			isa = XCConfigurationList;
			buildConfigurations = (
				8E2ABEDE29018A1C00433634 /* Debug */,
				8E2ABEDF29018A1C00433634 /* Release */,
			);
			defaultConfigurationIsVisible = 0;
			defaultConfigurationName = Release;
		};
/* End XCConfigurationList section */
	};
	rootObject = 8E2ABEC129018A1B00433634 /* Project object */;
}
